following is the whole terminal output and interaction:

======================================

(base) arifmoazy@Arifs-MBP exam % terraform init
Initializing the backend...
Initializing modules...
- ebs in modules/ebs
- ec2 in modules/ec2
- keypair in modules/keypair
- sg in modules/sg
Initializing provider plugins...
- Finding latest version of hashicorp/aws...
- Finding latest version of hashicorp/tls...
- Finding latest version of hashicorp/local...
- Installing hashicorp/aws v5.75.0...
- Installed hashicorp/aws v5.75.0 (signed by HashiCorp)
- Installing hashicorp/tls v4.0.6...
- Installed hashicorp/tls v4.0.6 (signed by HashiCorp)
- Installing hashicorp/local v2.5.2...
- Installed hashicorp/local v2.5.2 (signed by HashiCorp)
Terraform has created a lock file .terraform.lock.hcl to record the provider
selections it made above. Include this file in your version control repository
so that Terraform can guarantee to make the same selections by default when
you run "terraform init" in the future.

Terraform has been successfully initialized!

You may now begin working with Terraform. Try running "terraform plan" to see
any changes that are required for your infrastructure. All Terraform commands
should now work.

If you ever set or change modules or backend configuration for Terraform,
rerun this command to reinitialize your working directory. If you forget, other
commands will detect it and remind you to do so if necessary.
(base) arifmoazy@Arifs-MBP exam % terraform validate
Success! The configuration is valid.

(base) arifmoazy@Arifs-MBP exam % terraform plan
module.ec2.data.aws_ami.ubuntu: Reading...
module.ec2.data.aws_ami.ubuntu: Read complete after 1s [id=ami-005fc0f236362e99f]

Terraform used the selected providers to generate the following execution plan. Resource actions are indicated with the following symbols:
  + create

Terraform will perform the following actions:

  # aws_volume_attachment.name will be created
  + resource "aws_volume_attachment" "name" {
      + device_name = "/dev/sdh"
      + id          = (known after apply)
      + instance_id = (known after apply)
      + volume_id   = (known after apply)
    }

  # module.ebs.aws_ebs_volume.ebs_volume will be created
  + resource "aws_ebs_volume" "ebs_volume" {
      + arn               = (known after apply)
      + availability_zone = "us-east-1a"
      + encrypted         = (known after apply)
      + final_snapshot    = false
      + id                = (known after apply)
      + iops              = (known after apply)
      + kms_key_id        = (known after apply)
      + size              = 15
      + snapshot_id       = (known after apply)
      + tags              = {
          + "Name" = "devops-ebs"
        }
      + tags_all          = {
          + "Name" = "devops-ebs"
        }
      + throughput        = (known after apply)
      + type              = (known after apply)
    }

  # module.ec2.aws_instance.devops will be created
  + resource "aws_instance" "devops" {
      + ami                                  = "ami-005fc0f236362e99f"
      + arn                                  = (known after apply)
      + associate_public_ip_address          = (known after apply)
      + availability_zone                    = "us-east-1a"
      + cpu_core_count                       = (known after apply)
      + cpu_threads_per_core                 = (known after apply)
      + disable_api_stop                     = (known after apply)
      + disable_api_termination              = (known after apply)
      + ebs_optimized                        = (known after apply)
      + get_password_data                    = false
      + host_id                              = (known after apply)
      + host_resource_group_arn              = (known after apply)
      + iam_instance_profile                 = (known after apply)
      + id                                   = (known after apply)
      + instance_initiated_shutdown_behavior = (known after apply)
      + instance_lifecycle                   = (known after apply)
      + instance_state                       = (known after apply)
      + instance_type                        = "t2.medium"
      + ipv6_address_count                   = (known after apply)
      + ipv6_addresses                       = (known after apply)
      + key_name                             = "devops"
      + monitoring                           = (known after apply)
      + outpost_arn                          = (known after apply)
      + password_data                        = (known after apply)
      + placement_group                      = (known after apply)
      + placement_partition_number           = (known after apply)
      + primary_network_interface_id         = (known after apply)
      + private_dns                          = (known after apply)
      + private_ip                           = (known after apply)
      + public_dns                           = (known after apply)
      + public_ip                            = (known after apply)
      + secondary_private_ips                = (known after apply)
      + security_groups                      = [
          + "devops-sg",
        ]
      + source_dest_check                    = true
      + spot_instance_request_id             = (known after apply)
      + subnet_id                            = (known after apply)
      + tags                                 = {
          + "Name" = "devops-ec2"
        }
      + tags_all                             = {
          + "Name" = "devops-ec2"
        }
      + tenancy                              = (known after apply)
      + user_data                            = (known after apply)
      + user_data_base64                     = (known after apply)
      + user_data_replace_on_change          = false
      + vpc_security_group_ids               = (known after apply)

      + capacity_reservation_specification (known after apply)

      + cpu_options (known after apply)

      + ebs_block_device (known after apply)

      + enclave_options (known after apply)

      + ephemeral_block_device (known after apply)

      + instance_market_options (known after apply)

      + maintenance_options (known after apply)

      + metadata_options (known after apply)

      + network_interface (known after apply)

      + private_dns_name_options (known after apply)

      + root_block_device {
          + delete_on_termination = true
          + device_name           = (known after apply)
          + encrypted             = true
          + iops                  = (known after apply)
          + kms_key_id            = (known after apply)
          + tags_all              = (known after apply)
          + throughput            = (known after apply)
          + volume_id             = (known after apply)
          + volume_size           = 15
          + volume_type           = "gp2"
        }
    }

  # module.keypair.aws_key_pair.name will be created
  + resource "aws_key_pair" "name" {
      + arn             = (known after apply)
      + fingerprint     = (known after apply)
      + id              = (known after apply)
      + key_name        = "devops"
      + key_name_prefix = (known after apply)
      + key_pair_id     = (known after apply)
      + key_type        = (known after apply)
      + public_key      = (known after apply)
      + tags_all        = (known after apply)
    }

  # module.keypair.local_file.name will be created
  + resource "local_file" "name" {
      + content              = (sensitive value)
      + content_base64sha256 = (known after apply)
      + content_base64sha512 = (known after apply)
      + content_md5          = (known after apply)
      + content_sha1         = (known after apply)
      + content_sha256       = (known after apply)
      + content_sha512       = (known after apply)
      + directory_permission = "0777"
      + file_permission      = "0400"
      + filename             = "./script/devops.pem"
      + id                   = (known after apply)
    }

  # module.keypair.tls_private_key.name will be created
  + resource "tls_private_key" "name" {
      + algorithm                     = "RSA"
      + ecdsa_curve                   = "P224"
      + id                            = (known after apply)
      + private_key_openssh           = (sensitive value)
      + private_key_pem               = (sensitive value)
      + private_key_pem_pkcs8         = (sensitive value)
      + public_key_fingerprint_md5    = (known after apply)
      + public_key_fingerprint_sha256 = (known after apply)
      + public_key_openssh            = (known after apply)
      + public_key_pem                = (known after apply)
      + rsa_bits                      = 4096
    }

  # module.sg.aws_security_group.devops-sg will be created
  + resource "aws_security_group" "devops-sg" {
      + arn                    = (known after apply)
      + description            = "Managed by Terraform"
      + egress                 = (known after apply)
      + id                     = (known after apply)
      + ingress                = [
          + {
              + cidr_blocks      = [
                  + "0.0.0.0/0",
                ]
              + from_port        = 22
              + ipv6_cidr_blocks = []
              + prefix_list_ids  = []
              + protocol         = "tcp"
              + security_groups  = []
              + self             = false
              + to_port          = 22
                # (1 unchanged attribute hidden)
            },
          + {
              + cidr_blocks      = [
                  + "0.0.0.0/0",
                ]
              + from_port        = 30010
              + ipv6_cidr_blocks = []
              + prefix_list_ids  = []
              + protocol         = "tcp"
              + security_groups  = []
              + self             = false
              + to_port          = 30010
                # (1 unchanged attribute hidden)
            },
          + {
              + cidr_blocks      = [
                  + "0.0.0.0/0",
                ]
              + from_port        = 30011
              + ipv6_cidr_blocks = []
              + prefix_list_ids  = []
              + protocol         = "tcp"
              + security_groups  = []
              + self             = false
              + to_port          = 30011
                # (1 unchanged attribute hidden)
            },
          + {
              + cidr_blocks      = [
                  + "0.0.0.0/0",
                ]
              + from_port        = 30012
              + ipv6_cidr_blocks = []
              + prefix_list_ids  = []
              + protocol         = "tcp"
              + security_groups  = []
              + self             = false
              + to_port          = 30012
                # (1 unchanged attribute hidden)
            },
          + {
              + cidr_blocks      = [
                  + "0.0.0.0/0",
                ]
              + from_port        = 6443
              + ipv6_cidr_blocks = []
              + prefix_list_ids  = []
              + protocol         = "tcp"
              + security_groups  = []
              + self             = false
              + to_port          = 6443
                # (1 unchanged attribute hidden)
            },
        ]
      + name                   = "devops-sg"
      + name_prefix            = (known after apply)
      + owner_id               = (known after apply)
      + revoke_rules_on_delete = false
      + tags_all               = (known after apply)
      + vpc_id                 = (known after apply)
    }

Plan: 7 to add, 0 to change, 0 to destroy.

─────────────────────────────────────────────────────────────────────────────────────────────────────────────────────────────────────────────────────

Note: You didn't use the -out option to save this plan, so Terraform can't guarantee to take exactly these actions if you run "terraform apply" now.
(base) arifmoazy@Arifs-MBP exam % terraform apply
module.ec2.data.aws_ami.ubuntu: Reading...
module.ec2.data.aws_ami.ubuntu: Read complete after 1s [id=ami-005fc0f236362e99f]

Terraform used the selected providers to generate the following execution plan. Resource actions are indicated with the following symbols:
  + create

Terraform will perform the following actions:

  # aws_volume_attachment.name will be created
  + resource "aws_volume_attachment" "name" {
      + device_name = "/dev/sdh"
      + id          = (known after apply)
      + instance_id = (known after apply)
      + volume_id   = (known after apply)
    }

  # module.ebs.aws_ebs_volume.ebs_volume will be created
  + resource "aws_ebs_volume" "ebs_volume" {
      + arn               = (known after apply)
      + availability_zone = "us-east-1a"
      + encrypted         = (known after apply)
      + final_snapshot    = false
      + id                = (known after apply)
      + iops              = (known after apply)
      + kms_key_id        = (known after apply)
      + size              = 15
      + snapshot_id       = (known after apply)
      + tags              = {
          + "Name" = "devops-ebs"
        }
      + tags_all          = {
          + "Name" = "devops-ebs"
        }
      + throughput        = (known after apply)
      + type              = (known after apply)
    }

  # module.ec2.aws_instance.devops will be created
  + resource "aws_instance" "devops" {
      + ami                                  = "ami-005fc0f236362e99f"
      + arn                                  = (known after apply)
      + associate_public_ip_address          = (known after apply)
      + availability_zone                    = "us-east-1a"
      + cpu_core_count                       = (known after apply)
      + cpu_threads_per_core                 = (known after apply)
      + disable_api_stop                     = (known after apply)
      + disable_api_termination              = (known after apply)
      + ebs_optimized                        = (known after apply)
      + get_password_data                    = false
      + host_id                              = (known after apply)
      + host_resource_group_arn              = (known after apply)
      + iam_instance_profile                 = (known after apply)
      + id                                   = (known after apply)
      + instance_initiated_shutdown_behavior = (known after apply)
      + instance_lifecycle                   = (known after apply)
      + instance_state                       = (known after apply)
      + instance_type                        = "t2.medium"
      + ipv6_address_count                   = (known after apply)
      + ipv6_addresses                       = (known after apply)
      + key_name                             = "devops"
      + monitoring                           = (known after apply)
      + outpost_arn                          = (known after apply)
      + password_data                        = (known after apply)
      + placement_group                      = (known after apply)
      + placement_partition_number           = (known after apply)
      + primary_network_interface_id         = (known after apply)
      + private_dns                          = (known after apply)
      + private_ip                           = (known after apply)
      + public_dns                           = (known after apply)
      + public_ip                            = (known after apply)
      + secondary_private_ips                = (known after apply)
      + security_groups                      = [
          + "devops-sg",
        ]
      + source_dest_check                    = true
      + spot_instance_request_id             = (known after apply)
      + subnet_id                            = (known after apply)
      + tags                                 = {
          + "Name" = "devops-ec2"
        }
      + tags_all                             = {
          + "Name" = "devops-ec2"
        }
      + tenancy                              = (known after apply)
      + user_data                            = (known after apply)
      + user_data_base64                     = (known after apply)
      + user_data_replace_on_change          = false
      + vpc_security_group_ids               = (known after apply)

      + capacity_reservation_specification (known after apply)

      + cpu_options (known after apply)

      + ebs_block_device (known after apply)

      + enclave_options (known after apply)

      + ephemeral_block_device (known after apply)

      + instance_market_options (known after apply)

      + maintenance_options (known after apply)

      + metadata_options (known after apply)

      + network_interface (known after apply)

      + private_dns_name_options (known after apply)

      + root_block_device {
          + delete_on_termination = true
          + device_name           = (known after apply)
          + encrypted             = true
          + iops                  = (known after apply)
          + kms_key_id            = (known after apply)
          + tags_all              = (known after apply)
          + throughput            = (known after apply)
          + volume_id             = (known after apply)
          + volume_size           = 15
          + volume_type           = "gp2"
        }
    }

  # module.keypair.aws_key_pair.name will be created
  + resource "aws_key_pair" "name" {
      + arn             = (known after apply)
      + fingerprint     = (known after apply)
      + id              = (known after apply)
      + key_name        = "devops"
      + key_name_prefix = (known after apply)
      + key_pair_id     = (known after apply)
      + key_type        = (known after apply)
      + public_key      = (known after apply)
      + tags_all        = (known after apply)
    }

  # module.keypair.local_file.name will be created
  + resource "local_file" "name" {
      + content              = (sensitive value)
      + content_base64sha256 = (known after apply)
      + content_base64sha512 = (known after apply)
      + content_md5          = (known after apply)
      + content_sha1         = (known after apply)
      + content_sha256       = (known after apply)
      + content_sha512       = (known after apply)
      + directory_permission = "0777"
      + file_permission      = "0400"
      + filename             = "./script/devops.pem"
      + id                   = (known after apply)
    }

  # module.keypair.tls_private_key.name will be created
  + resource "tls_private_key" "name" {
      + algorithm                     = "RSA"
      + ecdsa_curve                   = "P224"
      + id                            = (known after apply)
      + private_key_openssh           = (sensitive value)
      + private_key_pem               = (sensitive value)
      + private_key_pem_pkcs8         = (sensitive value)
      + public_key_fingerprint_md5    = (known after apply)
      + public_key_fingerprint_sha256 = (known after apply)
      + public_key_openssh            = (known after apply)
      + public_key_pem                = (known after apply)
      + rsa_bits                      = 4096
    }

  # module.sg.aws_security_group.devops-sg will be created
  + resource "aws_security_group" "devops-sg" {
      + arn                    = (known after apply)
      + description            = "Managed by Terraform"
      + egress                 = (known after apply)
      + id                     = (known after apply)
      + ingress                = [
          + {
              + cidr_blocks      = [
                  + "0.0.0.0/0",
                ]
              + from_port        = 22
              + ipv6_cidr_blocks = []
              + prefix_list_ids  = []
              + protocol         = "tcp"
              + security_groups  = []
              + self             = false
              + to_port          = 22
                # (1 unchanged attribute hidden)
            },
          + {
              + cidr_blocks      = [
                  + "0.0.0.0/0",
                ]
              + from_port        = 30010
              + ipv6_cidr_blocks = []
              + prefix_list_ids  = []
              + protocol         = "tcp"
              + security_groups  = []
              + self             = false
              + to_port          = 30010
                # (1 unchanged attribute hidden)
            },
          + {
              + cidr_blocks      = [
                  + "0.0.0.0/0",
                ]
              + from_port        = 30011
              + ipv6_cidr_blocks = []
              + prefix_list_ids  = []
              + protocol         = "tcp"
              + security_groups  = []
              + self             = false
              + to_port          = 30011
                # (1 unchanged attribute hidden)
            },
          + {
              + cidr_blocks      = [
                  + "0.0.0.0/0",
                ]
              + from_port        = 30012
              + ipv6_cidr_blocks = []
              + prefix_list_ids  = []
              + protocol         = "tcp"
              + security_groups  = []
              + self             = false
              + to_port          = 30012
                # (1 unchanged attribute hidden)
            },
          + {
              + cidr_blocks      = [
                  + "0.0.0.0/0",
                ]
              + from_port        = 6443
              + ipv6_cidr_blocks = []
              + prefix_list_ids  = []
              + protocol         = "tcp"
              + security_groups  = []
              + self             = false
              + to_port          = 6443
                # (1 unchanged attribute hidden)
            },
        ]
      + name                   = "devops-sg"
      + name_prefix            = (known after apply)
      + owner_id               = (known after apply)
      + revoke_rules_on_delete = false
      + tags_all               = (known after apply)
      + vpc_id                 = (known after apply)
    }

Plan: 7 to add, 0 to change, 0 to destroy.

Do you want to perform these actions?
  Terraform will perform the actions described above.
  Only 'yes' will be accepted to approve.

  Enter a value: yes

module.keypair.tls_private_key.name: Creating...
module.ebs.aws_ebs_volume.ebs_volume: Creating...
module.sg.aws_security_group.devops-sg: Creating...
module.sg.aws_security_group.devops-sg: Creation complete after 4s [id=sg-0c68330c97040520f]
module.keypair.tls_private_key.name: Creation complete after 8s [id=c59311c1ac83b38c174cb9bbd35d53ef2410fadb]
module.keypair.aws_key_pair.name: Creating...
module.keypair.local_file.name: Creating...
module.keypair.local_file.name: Creation complete after 0s [id=c440b0030a4989ec06878823a327bb434649af45]
module.keypair.aws_key_pair.name: Creation complete after 0s [id=devops]
module.ebs.aws_ebs_volume.ebs_volume: Still creating... [10s elapsed]
module.ebs.aws_ebs_volume.ebs_volume: Creation complete after 12s [id=vol-05f213e928073cb4d]
module.ec2.aws_instance.devops: Creating...
module.ec2.aws_instance.devops: Still creating... [10s elapsed]
module.ec2.aws_instance.devops: Provisioning with 'file'...
module.ec2.aws_instance.devops: Still creating... [20s elapsed]
module.ec2.aws_instance.devops: Still creating... [30s elapsed]
module.ec2.aws_instance.devops: Still creating... [40s elapsed]
module.ec2.aws_instance.devops: Provisioning with 'remote-exec'...
module.ec2.aws_instance.devops (remote-exec): Connecting to remote host via SSH...
module.ec2.aws_instance.devops (remote-exec):   Host: 54.221.20.56
module.ec2.aws_instance.devops (remote-exec):   User: ubuntu
module.ec2.aws_instance.devops (remote-exec):   Password: false
module.ec2.aws_instance.devops (remote-exec):   Private key: true
module.ec2.aws_instance.devops (remote-exec):   Certificate: false
module.ec2.aws_instance.devops (remote-exec):   SSH Agent: true
module.ec2.aws_instance.devops (remote-exec):   Checking Host Key: false
module.ec2.aws_instance.devops (remote-exec):   Target Platform: unix
module.ec2.aws_instance.devops (remote-exec): Connected!
module.ec2.aws_instance.devops: Still creating... [50s elapsed]
module.ec2.aws_instance.devops: Still creating... [1m0s elapsed]
module.ec2.aws_instance.devops: Still creating... [1m10s elapsed]
module.ec2.aws_instance.devops: Still creating... [1m20s elapsed]
module.ec2.aws_instance.devops: Still creating... [1m30s elapsed]
module.ec2.aws_instance.devops: Still creating... [1m40s elapsed]
module.ec2.aws_instance.devops: Still creating... [1m50s elapsed]
module.ec2.aws_instance.devops: Still creating... [2m0s elapsed]
module.ec2.aws_instance.devops: Still creating... [2m10s elapsed]
module.ec2.aws_instance.devops: Still creating... [2m20s elapsed]
module.ec2.aws_instance.devops: Still creating... [2m30s elapsed]
module.ec2.aws_instance.devops: Still creating... [2m40s elapsed]
module.ec2.aws_instance.devops: Still creating... [2m50s elapsed]
module.ec2.aws_instance.devops: Still creating... [3m0s elapsed]
module.ec2.aws_instance.devops: Still creating... [3m10s elapsed]
module.ec2.aws_instance.devops: Still creating... [3m20s elapsed]
module.ec2.aws_instance.devops: Still creating... [3m30s elapsed]
module.ec2.aws_instance.devops: Still creating... [3m40s elapsed]
module.ec2.aws_instance.devops: Still creating... [3m50s elapsed]
module.ec2.aws_instance.devops: Still creating... [4m0s elapsed]
module.ec2.aws_instance.devops: Still creating... [4m10s elapsed]
module.ec2.aws_instance.devops: Still creating... [4m20s elapsed]
module.ec2.aws_instance.devops (remote-exec): 
module.ec2.aws_instance.devops (remote-exec): 0% [Working]
module.ec2.aws_instance.devops (remote-exec): 
module.ec2.aws_instance.devops (remote-exec): 0% [Connecting to us-east-1.ec2.archive
module.ec2.aws_instance.devops (remote-exec): 
module.ec2.aws_instance.devops (remote-exec): 0% [Connecting to us-east-1.ec2.archive
module.ec2.aws_instance.devops (remote-exec): 
module.ec2.aws_instance.devops (remote-exec): 0% [Connecting to us-east-1.ec2.archive
module.ec2.aws_instance.devops (remote-exec): 
module.ec2.aws_instance.devops (remote-exec): 0% [Connecting to us-east-1.ec2.archive
module.ec2.aws_instance.devops (remote-exec): 
module.ec2.aws_instance.devops (remote-exec): 0% [Connecting to us-east-1.ec2.archive
module.ec2.aws_instance.devops (remote-exec): 
module.ec2.aws_instance.devops (remote-exec): 0% [Connecting to us-east-1.ec2.archive
module.ec2.aws_instance.devops (remote-exec): 
module.ec2.aws_instance.devops (remote-exec): 0% [Connecting to us-east-1.ec2.archive
module.ec2.aws_instance.devops (remote-exec): 
module.ec2.aws_instance.devops (remote-exec): 0% [Connecting to us-east-1.ec2.archive
module.ec2.aws_instance.devops (remote-exec): 
module.ec2.aws_instance.devops (remote-exec): 0% [Connecting to us-east-1.ec2.archive
module.ec2.aws_instance.devops (remote-exec): 
module.ec2.aws_instance.devops (remote-exec): 0% [Connecting to us-east-1.ec2.archive
module.ec2.aws_instance.devops (remote-exec): 
module.ec2.aws_instance.devops (remote-exec): 0% [Connecting to us-east-1.ec2.archive
module.ec2.aws_instance.devops (remote-exec): 
module.ec2.aws_instance.devops (remote-exec): 0% [Connecting to us-east-1.ec2.archive
module.ec2.aws_instance.devops (remote-exec): 
module.ec2.aws_instance.devops (remote-exec): 0% [Connecting to us-east-1.ec2.archive
module.ec2.aws_instance.devops (remote-exec): 
module.ec2.aws_instance.devops (remote-exec): 0% [Connecting to us-east-1.ec2.archive
module.ec2.aws_instance.devops (remote-exec): 
module.ec2.aws_instance.devops (remote-exec): 0% [Connecting to us-east-1.ec2.archive
module.ec2.aws_instance.devops (remote-exec): 
module.ec2.aws_instance.devops (remote-exec): 0% [Connecting to us-east-1.ec2.archive
module.ec2.aws_instance.devops (remote-exec): 
module.ec2.aws_instance.devops (remote-exec): 0% [Connecting to us-east-1.ec2.archive
module.ec2.aws_instance.devops (remote-exec): 
module.ec2.aws_instance.devops (remote-exec): 0% [Connecting to us-east-1.ec2.archive
module.ec2.aws_instance.devops (remote-exec): 
module.ec2.aws_instance.devops (remote-exec): 0% [Connecting to us-east-1.ec2.archive
module.ec2.aws_instance.devops: Still creating... [4m30s elapsed]
module.ec2.aws_instance.devops (remote-exec): 
module.ec2.aws_instance.devops (remote-exec): 0% [Connecting to us-east-1.ec2.archive
module.ec2.aws_instance.devops (remote-exec): 
module.ec2.aws_instance.devops (remote-exec): 0% [Connecting to us-east-1.ec2.archive
module.ec2.aws_instance.devops (remote-exec): 
module.ec2.aws_instance.devops (remote-exec): 0% [Connecting to us-east-1.ec2.archive
module.ec2.aws_instance.devops (remote-exec): 
module.ec2.aws_instance.devops (remote-exec): 0% [Connecting to us-east-1.ec2.archive
module.ec2.aws_instance.devops (remote-exec): 
module.ec2.aws_instance.devops (remote-exec): 0% [Connecting to us-east-1.ec2.archive
module.ec2.aws_instance.devops (remote-exec): 
module.ec2.aws_instance.devops (remote-exec): 0% [Connecting to us-east-1.ec2.archive
module.ec2.aws_instance.devops (remote-exec): 
module.ec2.aws_instance.devops (remote-exec): 0% [Connecting to us-east-1.ec2.archive
module.ec2.aws_instance.devops (remote-exec): 
module.ec2.aws_instance.devops (remote-exec): 0% [Connecting to us-east-1.ec2.archive
module.ec2.aws_instance.devops (remote-exec): 
module.ec2.aws_instance.devops (remote-exec): 0% [Connecting to us-east-1.ec2.archive
module.ec2.aws_instance.devops (remote-exec): 
module.ec2.aws_instance.devops (remote-exec): 0% [Connecting to us-east-1.ec2.archive
module.ec2.aws_instance.devops (remote-exec): 
module.ec2.aws_instance.devops (remote-exec): 0% [Connecting to us-east-1.ec2.archive
module.ec2.aws_instance.devops (remote-exec): 
module.ec2.aws_instance.devops (remote-exec): 0% [Connecting to us-east-1.ec2.archive
module.ec2.aws_instance.devops (remote-exec): 
module.ec2.aws_instance.devops (remote-exec): 0% [Connecting to us-east-1.ec2.archive
module.ec2.aws_instance.devops (remote-exec): 
module.ec2.aws_instance.devops (remote-exec): 0% [Connecting to us-east-1.ec2.archive
module.ec2.aws_instance.devops (remote-exec): 
module.ec2.aws_instance.devops (remote-exec): 0% [Connecting to us-east-1.ec2.archive
module.ec2.aws_instance.devops (remote-exec): 
module.ec2.aws_instance.devops (remote-exec): 0% [Connecting to us-east-1.ec2.archive
module.ec2.aws_instance.devops (remote-exec): 
module.ec2.aws_instance.devops (remote-exec): 0% [Connecting to us-east-1.ec2.archive
module.ec2.aws_instance.devops (remote-exec): 
module.ec2.aws_instance.devops (remote-exec): 0% [Connecting to us-east-1.ec2.archive
module.ec2.aws_instance.devops (remote-exec): 
module.ec2.aws_instance.devops (remote-exec): 0% [Connecting to us-east-1.ec2.archive
module.ec2.aws_instance.devops (remote-exec): 
module.ec2.aws_instance.devops (remote-exec): 0% [Connecting to us-east-1.ec2.archive
module.ec2.aws_instance.devops: Still creating... [4m40s elapsed]
module.ec2.aws_instance.devops (remote-exec): 
module.ec2.aws_instance.devops (remote-exec): 0% [Connecting to us-east-1.ec2.archive
module.ec2.aws_instance.devops (remote-exec): 
module.ec2.aws_instance.devops (remote-exec): 0% [Connecting to us-east-1.ec2.archive
module.ec2.aws_instance.devops (remote-exec): 
module.ec2.aws_instance.devops (remote-exec): 0% [Connecting to us-east-1.ec2.archive
module.ec2.aws_instance.devops (remote-exec): 
module.ec2.aws_instance.devops (remote-exec): 0% [Connecting to us-east-1.ec2.archive
module.ec2.aws_instance.devops (remote-exec): 
module.ec2.aws_instance.devops (remote-exec): 0% [Connecting to us-east-1.ec2.archive
module.ec2.aws_instance.devops (remote-exec): 
module.ec2.aws_instance.devops (remote-exec): 0% [Connecting to us-east-1.ec2.archive
module.ec2.aws_instance.devops (remote-exec): 
module.ec2.aws_instance.devops (remote-exec): 0% [Connecting to us-east-1.ec2.archive
module.ec2.aws_instance.devops (remote-exec): 
module.ec2.aws_instance.devops (remote-exec): 0% [Connecting to us-east-1.ec2.archive
module.ec2.aws_instance.devops (remote-exec): 
module.ec2.aws_instance.devops (remote-exec): 0% [Connecting to us-east-1.ec2.archive
module.ec2.aws_instance.devops (remote-exec): 
module.ec2.aws_instance.devops (remote-exec): 0% [Connecting to us-east-1.ec2.archive
module.ec2.aws_instance.devops (remote-exec): 
module.ec2.aws_instance.devops (remote-exec): 0% [Connecting to us-east-1.ec2.archive
module.ec2.aws_instance.devops (remote-exec): 
module.ec2.aws_instance.devops (remote-exec): 0% [Connecting to us-east-1.ec2.archive
module.ec2.aws_instance.devops (remote-exec): 
module.ec2.aws_instance.devops (remote-exec): 0% [Connecting to us-east-1.ec2.archive
module.ec2.aws_instance.devops (remote-exec): 
module.ec2.aws_instance.devops (remote-exec): 0% [Connecting to us-east-1.ec2.archive
module.ec2.aws_instance.devops (remote-exec): 
module.ec2.aws_instance.devops (remote-exec): 0% [Connecting to us-east-1.ec2.archive
module.ec2.aws_instance.devops (remote-exec): 
module.ec2.aws_instance.devops (remote-exec): 0% [Connecting to us-east-1.ec2.archive
module.ec2.aws_instance.devops (remote-exec): 
module.ec2.aws_instance.devops (remote-exec): 0% [Connecting to us-east-1.ec2.archive
module.ec2.aws_instance.devops (remote-exec): 
module.ec2.aws_instance.devops (remote-exec): 0% [Connecting to us-east-1.ec2.archive
module.ec2.aws_instance.devops (remote-exec): 
module.ec2.aws_instance.devops (remote-exec): 0% [Connecting to us-east-1.ec2.archive
module.ec2.aws_instance.devops: Still creating... [4m50s elapsed]
module.ec2.aws_instance.devops (remote-exec): 
module.ec2.aws_instance.devops (remote-exec): 0% [Connecting to us-east-1.ec2.archive
module.ec2.aws_instance.devops (remote-exec): 
module.ec2.aws_instance.devops (remote-exec): 0% [Connecting to us-east-1.ec2.archive
module.ec2.aws_instance.devops (remote-exec): 
module.ec2.aws_instance.devops (remote-exec): 0% [Connecting to us-east-1.ec2.archive
module.ec2.aws_instance.devops (remote-exec): 
module.ec2.aws_instance.devops (remote-exec): 0% [Connecting to us-east-1.ec2.archive
module.ec2.aws_instance.devops (remote-exec): Ign:1 http://security.ubuntu.com/ubuntu jammy-security InRelease
module.ec2.aws_instance.devops (remote-exec): 
module.ec2.aws_instance.devops (remote-exec): 0% [Connecting to us-east-1.ec2.archive
module.ec2.aws_instance.devops (remote-exec): 
module.ec2.aws_instance.devops (remote-exec): 0% [Connecting to us-east-1.ec2.archive
module.ec2.aws_instance.devops (remote-exec): 
module.ec2.aws_instance.devops (remote-exec): 0% [Connecting to us-east-1.ec2.archive
module.ec2.aws_instance.devops (remote-exec): 0% [Connecting to us-east-1.ec2.archive
module.ec2.aws_instance.devops (remote-exec): Ign:1 http://security.ubuntu.com/ubuntu jammy-security InRelease
module.ec2.aws_instance.devops (remote-exec): 
module.ec2.aws_instance.devops (remote-exec): 0% [Connecting to us-east-1.ec2.archive
module.ec2.aws_instance.devops (remote-exec): Ign:2 http://us-east-1.ec2.archive.ubuntu.com/ubuntu jammy InRelease
module.ec2.aws_instance.devops (remote-exec): 
module.ec2.aws_instance.devops (remote-exec): 0% [Working]
module.ec2.aws_instance.devops (remote-exec): Ign:3 http://us-east-1.ec2.archive.ubuntu.com/ubuntu jammy-updates InRelease
module.ec2.aws_instance.devops (remote-exec): Ign:4 http://us-east-1.ec2.archive.ubuntu.com/ubuntu jammy-backports InRelease
module.ec2.aws_instance.devops (remote-exec): 
module.ec2.aws_instance.devops (remote-exec): 0% [Working]
module.ec2.aws_instance.devops (remote-exec): 
module.ec2.aws_instance.devops (remote-exec): 0% [Working]
module.ec2.aws_instance.devops (remote-exec): 
module.ec2.aws_instance.devops (remote-exec): 0% [Working]
module.ec2.aws_instance.devops (remote-exec): 0% [Working]
module.ec2.aws_instance.devops (remote-exec): Ign:2 http://us-east-1.ec2.archive.ubuntu.com/ubuntu jammy InRelease
module.ec2.aws_instance.devops (remote-exec): 
module.ec2.aws_instance.devops (remote-exec): 0% [Working]
module.ec2.aws_instance.devops (remote-exec): Ign:3 http://us-east-1.ec2.archive.ubuntu.com/ubuntu jammy-updates InRelease
module.ec2.aws_instance.devops (remote-exec): 
module.ec2.aws_instance.devops (remote-exec): 0% [Connecting to us-east-1.ec2.archive
module.ec2.aws_instance.devops (remote-exec): Ign:4 http://us-east-1.ec2.archive.ubuntu.com/ubuntu jammy-backports InRelease
module.ec2.aws_instance.devops (remote-exec): 
module.ec2.aws_instance.devops (remote-exec): 0% [Working]
module.ec2.aws_instance.devops (remote-exec): 
module.ec2.aws_instance.devops (remote-exec): 0% [Working]
module.ec2.aws_instance.devops (remote-exec): 
module.ec2.aws_instance.devops (remote-exec): 0% [Working]
module.ec2.aws_instance.devops (remote-exec): 0% [Working]
module.ec2.aws_instance.devops (remote-exec): Ign:1 http://security.ubuntu.com/ubuntu jammy-security InRelease
module.ec2.aws_instance.devops (remote-exec): 
module.ec2.aws_instance.devops (remote-exec): 0% [Working]
module.ec2.aws_instance.devops (remote-exec): 
module.ec2.aws_instance.devops (remote-exec): 0% [Working]
module.ec2.aws_instance.devops (remote-exec): 
module.ec2.aws_instance.devops (remote-exec): 0% [Working]
module.ec2.aws_instance.devops (remote-exec): 
module.ec2.aws_instance.devops (remote-exec): 0% [Working]
module.ec2.aws_instance.devops (remote-exec): 0% [Working]
module.ec2.aws_instance.devops (remote-exec): Ign:2 http://us-east-1.ec2.archive.ubuntu.com/ubuntu jammy InRelease
module.ec2.aws_instance.devops (remote-exec): Ign:3 http://us-east-1.ec2.archive.ubuntu.com/ubuntu jammy-updates InRelease
module.ec2.aws_instance.devops (remote-exec): Ign:4 http://us-east-1.ec2.archive.ubuntu.com/ubuntu jammy-backports InRelease
module.ec2.aws_instance.devops (remote-exec): 
module.ec2.aws_instance.devops (remote-exec): 0% [Working]
module.ec2.aws_instance.devops (remote-exec): 
module.ec2.aws_instance.devops (remote-exec): 0% [Working]
module.ec2.aws_instance.devops (remote-exec): 
module.ec2.aws_instance.devops (remote-exec): 0% [Working]
module.ec2.aws_instance.devops (remote-exec): 
module.ec2.aws_instance.devops (remote-exec): 0% [Working]
module.ec2.aws_instance.devops (remote-exec): 
module.ec2.aws_instance.devops (remote-exec): 0% [Working]
module.ec2.aws_instance.devops (remote-exec): 
module.ec2.aws_instance.devops (remote-exec): 0% [Working]
module.ec2.aws_instance.devops (remote-exec): 
module.ec2.aws_instance.devops (remote-exec): 0% [Working]
module.ec2.aws_instance.devops (remote-exec): 0% [Working]
module.ec2.aws_instance.devops (remote-exec): Err:1 http://security.ubuntu.com/ubuntu jammy-security InRelease
module.ec2.aws_instance.devops (remote-exec):   Cannot initiate the connection to security.ubuntu.com:80 (2620:2d:4002:1::103). - connect (101: Network is unreachable) Cannot initiate the connection to security.ubuntu.com:80 (2620:2d:4000:1::101). - connect (101: Network is unreachable) Cannot initiate the connection to security.ubuntu.com:80 (2620:2d:4002:1::101). - connect (101: Network is unreachable) Cannot initiate the connection to security.ubuntu.com:80 (2620:2d:4000:1::102). - connect (101: Network is unreachable) Cannot initiate the connection to security.ubuntu.com:80 (2620:2d:4000:1::103). - connect (101: Network is unreachable) Could not connect to security.ubuntu.com:80 (91.189.91.83), connection timed out Could not connect to security.ubuntu.com:80 (185.125.190.83), connection timed out Could not connect to security.ubuntu.com:80 (185.125.190.82), connection timed out Could not connect to security.ubuntu.com:80 (185.125.190.81), connection timed out Could not connect to security.ubuntu.com:80 (91.189.91.81), connection timed out
module.ec2.aws_instance.devops (remote-exec): 
module.ec2.aws_instance.devops (remote-exec): 0% [Working]
module.ec2.aws_instance.devops (remote-exec): 
module.ec2.aws_instance.devops (remote-exec): 0% [Working]
module.ec2.aws_instance.devops (remote-exec): 
module.ec2.aws_instance.devops (remote-exec): 0% [Working]
module.ec2.aws_instance.devops (remote-exec): 
module.ec2.aws_instance.devops (remote-exec): 0% [Working]
module.ec2.aws_instance.devops (remote-exec): 0% [Working]
module.ec2.aws_instance.devops (remote-exec): Err:2 http://us-east-1.ec2.archive.ubuntu.com/ubuntu jammy InRelease
module.ec2.aws_instance.devops (remote-exec):   Cannot initiate the connection to us-east-1.ec2.archive.ubuntu.com:80 (2600:1f18:5c55:4c01:ed0c:fdfa:1470:afc0). - connect (101: Network is unreachable) Cannot initiate the connection to us-east-1.ec2.archive.ubuntu.com:80 (2600:1f18:5c55:4c04:b8fe:122c:bb55:6b84). - connect (101: Network is unreachable) Cannot initiate the connection to us-east-1.ec2.archive.ubuntu.com:80 (2600:1f18:5c55:4c00:7447:9a97:fa56:cd92). - connect (101: Network is unreachable) Cannot initiate the connection to us-east-1.ec2.archive.ubuntu.com:80 (2600:1f18:5c55:4c02:7669:c120:50a2:9af4). - connect (101: Network is unreachable) Cannot initiate the connection to us-east-1.ec2.archive.ubuntu.com:80 (2600:1f18:5c55:4c01:32a9:41b2:cfa3:904a). - connect (101: Network is unreachable) Cannot initiate the connection to us-east-1.ec2.archive.ubuntu.com:80 (2600:1f18:5c55:4c02:b55:260f:8030:b812). - connect (101: Network is unreachable) Cannot initiate the connection to us-east-1.ec2.archive.ubuntu.com:80 (2600:1f18:5c55:4c00:2637:a32b:ccef:30d5). - connect (101: Network is unreachable) Cannot initiate the connection to us-east-1.ec2.archive.ubuntu.com:80 (2600:1f18:5c55:4c00:e093:e2e5:23b4:529f). - connect (101: Network is unreachable) Cannot initiate the connection to us-east-1.ec2.archive.ubuntu.com:80 (2600:1f18:5c55:4c05:17c8:ad29:43bf:eb48). - connect (101: Network is unreachable) Cannot initiate the connection to us-east-1.ec2.archive.ubuntu.com:80 (2600:1f18:5c55:4c03:edb9:571f:f204:4ac8). - connect (101: Network is unreachable) Could not connect to us-east-1.ec2.archive.ubuntu.com:80 (54.144.148.213), connection timed out Could not connect to us-east-1.ec2.archive.ubuntu.com:80 (54.87.19.168), connection timed out Could not connect to us-east-1.ec2.archive.ubuntu.com:80 (34.201.250.36), connection timed out Could not connect to us-east-1.ec2.archive.ubuntu.com:80 (54.165.17.230), connection timed out Could not connect to us-east-1.ec2.archive.ubuntu.com:80 (52.91.65.63), connection timed out Could not connect to us-east-1.ec2.archive.ubuntu.com:80 (18.232.150.247), connection timed out Could not connect to us-east-1.ec2.archive.ubuntu.com:80 (3.87.126.146), connection timed out Could not connect to us-east-1.ec2.archive.ubuntu.com:80 (34.237.137.22), connection timed out Could not connect to us-east-1.ec2.archive.ubuntu.com:80 (52.207.133.243), connection timed out Could not connect to us-east-1.ec2.archive.ubuntu.com:80 (3.209.10.109), connection timed out
module.ec2.aws_instance.devops (remote-exec): 
module.ec2.aws_instance.devops (remote-exec): 0% [Working]
module.ec2.aws_instance.devops (remote-exec): Err:3 http://us-east-1.ec2.archive.ubuntu.com/ubuntu jammy-updates InRelease
module.ec2.aws_instance.devops (remote-exec):   Cannot initiate the connection to us-east-1.ec2.archive.ubuntu.com:80 (2600:1f18:5c55:4c01:ed0c:fdfa:1470:afc0). - connect (101: Network is unreachable) Cannot initiate the connection to us-east-1.ec2.archive.ubuntu.com:80 (2600:1f18:5c55:4c04:b8fe:122c:bb55:6b84). - connect (101: Network is unreachable) Cannot initiate the connection to us-east-1.ec2.archive.ubuntu.com:80 (2600:1f18:5c55:4c00:7447:9a97:fa56:cd92). - connect (101: Network is unreachable) Cannot initiate the connection to us-east-1.ec2.archive.ubuntu.com:80 (2600:1f18:5c55:4c02:7669:c120:50a2:9af4). - connect (101: Network is unreachable) Cannot initiate the connection to us-east-1.ec2.archive.ubuntu.com:80 (2600:1f18:5c55:4c01:32a9:41b2:cfa3:904a). - connect (101: Network is unreachable) Cannot initiate the connection to us-east-1.ec2.archive.ubuntu.com:80 (2600:1f18:5c55:4c02:b55:260f:8030:b812). - connect (101: Network is unreachable) Cannot initiate the connection to us-east-1.ec2.archive.ubuntu.com:80 (2600:1f18:5c55:4c00:2637:a32b:ccef:30d5). - connect (101: Network is unreachable) Cannot initiate the connection to us-east-1.ec2.archive.ubuntu.com:80 (2600:1f18:5c55:4c00:e093:e2e5:23b4:529f). - connect (101: Network is unreachable) Cannot initiate the connection to us-east-1.ec2.archive.ubuntu.com:80 (2600:1f18:5c55:4c05:17c8:ad29:43bf:eb48). - connect (101: Network is unreachable) Cannot initiate the connection to us-east-1.ec2.archive.ubuntu.com:80 (2600:1f18:5c55:4c03:edb9:571f:f204:4ac8). - connect (101: Network is unreachable)
module.ec2.aws_instance.devops (remote-exec): 
module.ec2.aws_instance.devops (remote-exec): 0% [Working]
module.ec2.aws_instance.devops (remote-exec): Err:4 http://us-east-1.ec2.archive.ubuntu.com/ubuntu jammy-backports InRelease
module.ec2.aws_instance.devops (remote-exec):   Cannot initiate the connection to us-east-1.ec2.archive.ubuntu.com:80 (2600:1f18:5c55:4c01:ed0c:fdfa:1470:afc0). - connect (101: Network is unreachable) Cannot initiate the connection to us-east-1.ec2.archive.ubuntu.com:80 (2600:1f18:5c55:4c04:b8fe:122c:bb55:6b84). - connect (101: Network is unreachable) Cannot initiate the connection to us-east-1.ec2.archive.ubuntu.com:80 (2600:1f18:5c55:4c00:7447:9a97:fa56:cd92). - connect (101: Network is unreachable) Cannot initiate the connection to us-east-1.ec2.archive.ubuntu.com:80 (2600:1f18:5c55:4c02:7669:c120:50a2:9af4). - connect (101: Network is unreachable) Cannot initiate the connection to us-east-1.ec2.archive.ubuntu.com:80 (2600:1f18:5c55:4c01:32a9:41b2:cfa3:904a). - connect (101: Network is unreachable) Cannot initiate the connection to us-east-1.ec2.archive.ubuntu.com:80 (2600:1f18:5c55:4c02:b55:260f:8030:b812). - connect (101: Network is unreachable) Cannot initiate the connection to us-east-1.ec2.archive.ubuntu.com:80 (2600:1f18:5c55:4c00:2637:a32b:ccef:30d5). - connect (101: Network is unreachable) Cannot initiate the connection to us-east-1.ec2.archive.ubuntu.com:80 (2600:1f18:5c55:4c00:e093:e2e5:23b4:529f). - connect (101: Network is unreachable) Cannot initiate the connection to us-east-1.ec2.archive.ubuntu.com:80 (2600:1f18:5c55:4c05:17c8:ad29:43bf:eb48). - connect (101: Network is unreachable) Cannot initiate the connection to us-east-1.ec2.archive.ubuntu.com:80 (2600:1f18:5c55:4c03:edb9:571f:f204:4ac8). - connect (101: Network is unreachable)
module.ec2.aws_instance.devops: Still creating... [5m0s elapsed]
module.ec2.aws_instance.devops (remote-exec): 
module.ec2.aws_instance.devops (remote-exec): 0% [Working]
module.ec2.aws_instance.devops (remote-exec): Reading package lists... 0%
module.ec2.aws_instance.devops (remote-exec): Reading package lists... 0%
module.ec2.aws_instance.devops (remote-exec): Reading package lists... 0%
module.ec2.aws_instance.devops (remote-exec): Reading package lists... 7%
module.ec2.aws_instance.devops (remote-exec): Reading package lists... 7%
module.ec2.aws_instance.devops (remote-exec): Reading package lists... 10%
module.ec2.aws_instance.devops (remote-exec): Reading package lists... 10%
module.ec2.aws_instance.devops (remote-exec): Reading package lists... 11%
module.ec2.aws_instance.devops (remote-exec): Reading package lists... 11%
module.ec2.aws_instance.devops (remote-exec): Reading package lists... 11%
module.ec2.aws_instance.devops (remote-exec): Reading package lists... 11%
module.ec2.aws_instance.devops (remote-exec): Reading package lists... 23%
module.ec2.aws_instance.devops (remote-exec): Reading package lists... 23%
module.ec2.aws_instance.devops (remote-exec): Reading package lists... 31%
module.ec2.aws_instance.devops (remote-exec): Reading package lists... 31%
module.ec2.aws_instance.devops (remote-exec): Reading package lists... 47%
module.ec2.aws_instance.devops (remote-exec): Reading package lists... 47%
module.ec2.aws_instance.devops (remote-exec): Reading package lists... 56%
module.ec2.aws_instance.devops (remote-exec): Reading package lists... 56%
module.ec2.aws_instance.devops (remote-exec): Reading package lists... 67%
module.ec2.aws_instance.devops (remote-exec): Reading package lists... 67%
module.ec2.aws_instance.devops (remote-exec): Reading package lists... 75%
module.ec2.aws_instance.devops (remote-exec): Reading package lists... 75%
module.ec2.aws_instance.devops (remote-exec): Reading package lists... 90%
module.ec2.aws_instance.devops (remote-exec): Reading package lists... 90%
module.ec2.aws_instance.devops (remote-exec): Reading package lists... 99%
module.ec2.aws_instance.devops (remote-exec): Reading package lists... 99%
module.ec2.aws_instance.devops (remote-exec): Reading package lists... Done
module.ec2.aws_instance.devops (remote-exec): Building dependency tree... 0%
module.ec2.aws_instance.devops (remote-exec): Building dependency tree... 0%
module.ec2.aws_instance.devops (remote-exec): Building dependency tree... 0%
module.ec2.aws_instance.devops (remote-exec): Building dependency tree... 50%
module.ec2.aws_instance.devops (remote-exec): Building dependency tree... 50%
module.ec2.aws_instance.devops (remote-exec): Building dependency tree... Done
module.ec2.aws_instance.devops (remote-exec): Reading state information... 0%
module.ec2.aws_instance.devops (remote-exec): Reading state information... 0%
module.ec2.aws_instance.devops (remote-exec): Reading state information... Done
module.ec2.aws_instance.devops (remote-exec): All packages are up to date.
module.ec2.aws_instance.devops (remote-exec): W: Failed to fetch http://us-east-1.ec2.archive.ubuntu.com/ubuntu/dists/jammy/InRelease  Cannot initiate the connection to us-east-1.ec2.archive.ubuntu.com:80 (2600:1f18:5c55:4c01:ed0c:fdfa:1470:afc0). - connect (101: Network is unreachable) Cannot initiate the connection to us-east-1.ec2.archive.ubuntu.com:80 (2600:1f18:5c55:4c04:b8fe:122c:bb55:6b84). - connect (101: Network is unreachable) Cannot initiate the connection to us-east-1.ec2.archive.ubuntu.com:80 (2600:1f18:5c55:4c00:7447:9a97:fa56:cd92). - connect (101: Network is unreachable) Cannot initiate the connection to us-east-1.ec2.archive.ubuntu.com:80 (2600:1f18:5c55:4c02:7669:c120:50a2:9af4). - connect (101: Network is unreachable) Cannot initiate the connection to us-east-1.ec2.archive.ubuntu.com:80 (2600:1f18:5c55:4c01:32a9:41b2:cfa3:904a). - connect (101: Network is unreachable) Cannot initiate the connection to us-east-1.ec2.archive.ubuntu.com:80 (2600:1f18:5c55:4c02:b55:260f:8030:b812). - connect (101: Network is unreachable) Cannot initiate the connection to us-east-1.ec2.archive.ubuntu.com:80 (2600:1f18:5c55:4c00:2637:a32b:ccef:30d5). - connect (101: Network is unreachable) Cannot initiate the connection to us-east-1.ec2.archive.ubuntu.com:80 (2600:1f18:5c55:4c00:e093:e2e5:23b4:529f). - connect (101: Network is unreachable) Cannot initiate the connection to us-east-1.ec2.archive.ubuntu.com:80 (2600:1f18:5c55:4c05:17c8:ad29:43bf:eb48). - connect (101: Network is unreachable) Cannot initiate the connection to us-east-1.ec2.archive.ubuntu.com:80 (2600:1f18:5c55:4c03:edb9:571f:f204:4ac8). - connect (101: Network is unreachable) Could not connect to us-east-1.ec2.archive.ubuntu.com:80 (54.144.148.213), connection timed out Could not connect to us-east-1.ec2.archive.ubuntu.com:80 (54.87.19.168), connection timed out Could not connect to us-east-1.ec2.archive.ubuntu.com:80 (34.201.250.36), connection timed out Could not connect to us-east-1.ec2.archive.ubuntu.com:80 (54.165.17.230), connection timed out Could not connect to us-east-1.ec2.archive.ubuntu.com:80 (52.91.65.63), connection timed out Could not connect to us-east-1.ec2.archive.ubuntu.com:80 (18.232.150.247), connection timed out Could not connect to us-east-1.ec2.archive.ubuntu.com:80 (3.87.126.146), connection timed out Could not connect to us-east-1.ec2.archive.ubuntu.com:80 (34.237.137.22), connection timed out Could not connect to us-east-1.ec2.archive.ubuntu.com:80 (52.207.133.243), connection timed out Could not connect to us-east-1.ec2.archive.ubuntu.com:80 (3.209.10.109), connection timed out
module.ec2.aws_instance.devops (remote-exec): W: Failed to fetch http://us-east-1.ec2.archive.ubuntu.com/ubuntu/dists/jammy-updates/InRelease  Cannot initiate the connection to us-east-1.ec2.archive.ubuntu.com:80 (2600:1f18:5c55:4c01:ed0c:fdfa:1470:afc0). - connect (101: Network is unreachable) Cannot initiate the connection to us-east-1.ec2.archive.ubuntu.com:80 (2600:1f18:5c55:4c04:b8fe:122c:bb55:6b84). - connect (101: Network is unreachable) Cannot initiate the connection to us-east-1.ec2.archive.ubuntu.com:80 (2600:1f18:5c55:4c00:7447:9a97:fa56:cd92). - connect (101: Network is unreachable) Cannot initiate the connection to us-east-1.ec2.archive.ubuntu.com:80 (2600:1f18:5c55:4c02:7669:c120:50a2:9af4). - connect (101: Network is unreachable) Cannot initiate the connection to us-east-1.ec2.archive.ubuntu.com:80 (2600:1f18:5c55:4c01:32a9:41b2:cfa3:904a). - connect (101: Network is unreachable) Cannot initiate the connection to us-east-1.ec2.archive.ubuntu.com:80 (2600:1f18:5c55:4c02:b55:260f:8030:b812). - connect (101: Network is unreachable) Cannot initiate the connection to us-east-1.ec2.archive.ubuntu.com:80 (2600:1f18:5c55:4c00:2637:a32b:ccef:30d5). - connect (101: Network is unreachable) Cannot initiate the connection to us-east-1.ec2.archive.ubuntu.com:80 (2600:1f18:5c55:4c00:e093:e2e5:23b4:529f). - connect (101: Network is unreachable) Cannot initiate the connection to us-east-1.ec2.archive.ubuntu.com:80 (2600:1f18:5c55:4c05:17c8:ad29:43bf:eb48). - connect (101: Network is unreachable) Cannot initiate the connection to us-east-1.ec2.archive.ubuntu.com:80 (2600:1f18:5c55:4c03:edb9:571f:f204:4ac8). - connect (101: Network is unreachable)
module.ec2.aws_instance.devops (remote-exec): W: Failed to fetch http://us-east-1.ec2.archive.ubuntu.com/ubuntu/dists/jammy-backports/InRelease  Cannot initiate the connection to us-east-1.ec2.archive.ubuntu.com:80 (2600:1f18:5c55:4c01:ed0c:fdfa:1470:afc0). - connect (101: Network is unreachable) Cannot initiate the connection to us-east-1.ec2.archive.ubuntu.com:80 (2600:1f18:5c55:4c04:b8fe:122c:bb55:6b84). - connect (101: Network is unreachable) Cannot initiate the connection to us-east-1.ec2.archive.ubuntu.com:80 (2600:1f18:5c55:4c00:7447:9a97:fa56:cd92). - connect (101: Network is unreachable) Cannot initiate the connection to us-east-1.ec2.archive.ubuntu.com:80 (2600:1f18:5c55:4c02:7669:c120:50a2:9af4). - connect (101: Network is unreachable) Cannot initiate the connection to us-east-1.ec2.archive.ubuntu.com:80 (2600:1f18:5c55:4c01:32a9:41b2:cfa3:904a). - connect (101: Network is unreachable) Cannot initiate the connection to us-east-1.ec2.archive.ubuntu.com:80 (2600:1f18:5c55:4c02:b55:260f:8030:b812). - connect (101: Network is unreachable) Cannot initiate the connection to us-east-1.ec2.archive.ubuntu.com:80 (2600:1f18:5c55:4c00:2637:a32b:ccef:30d5). - connect (101: Network is unreachable) Cannot initiate the connection to us-east-1.ec2.archive.ubuntu.com:80 (2600:1f18:5c55:4c00:e093:e2e5:23b4:529f). - connect (101: Network is unreachable) Cannot initiate the connection to us-east-1.ec2.archive.ubuntu.com:80 (2600:1f18:5c55:4c05:17c8:ad29:43bf:eb48). - connect (101: Network is unreachable) Cannot initiate the connection to us-east-1.ec2.archive.ubuntu.com:80 (2600:1f18:5c55:4c03:edb9:571f:f204:4ac8). - connect (101: Network is unreachable)
module.ec2.aws_instance.devops (remote-exec): W: Failed to fetch http://security.ubuntu.com/ubuntu/dists/jammy-security/InRelease  Cannot initiate the connection to security.ubuntu.com:80 (2620:2d:4002:1::103). - connect (101: Network is unreachable) Cannot initiate the connection to security.ubuntu.com:80 (2620:2d:4000:1::101). - connect (101: Network is unreachable) Cannot initiate the connection to security.ubuntu.com:80 (2620:2d:4002:1::101). - connect (101: Network is unreachable) Cannot initiate the connection to security.ubuntu.com:80 (2620:2d:4000:1::102). - connect (101: Network is unreachable) Cannot initiate the connection to security.ubuntu.com:80 (2620:2d:4000:1::103). - connect (101: Network is unreachable) Could not connect to security.ubuntu.com:80 (91.189.91.83), connection timed out Could not connect to security.ubuntu.com:80 (185.125.190.83), connection timed out Could not connect to security.ubuntu.com:80 (185.125.190.82), connection timed out Could not connect to security.ubuntu.com:80 (185.125.190.81), connection timed out Could not connect to security.ubuntu.com:80 (91.189.91.81), connection timed out
module.ec2.aws_instance.devops (remote-exec): W: Some index files failed to download. They have been ignored, or old ones used instead.
module.ec2.aws_instance.devops: Still creating... [5m10s elapsed]
module.ec2.aws_instance.devops: Still creating... [5m20s elapsed]
module.ec2.aws_instance.devops: Still creating... [5m30s elapsed]
module.ec2.aws_instance.devops: Still creating... [5m40s elapsed]
module.ec2.aws_instance.devops: Still creating... [5m50s elapsed]
module.ec2.aws_instance.devops: Still creating... [6m0s elapsed]
module.ec2.aws_instance.devops: Still creating... [6m10s elapsed]
module.ec2.aws_instance.devops: Still creating... [6m20s elapsed]
module.ec2.aws_instance.devops: Still creating... [6m30s elapsed]
module.ec2.aws_instance.devops: Still creating... [6m40s elapsed]
module.ec2.aws_instance.devops: Still creating... [6m50s elapsed]
module.ec2.aws_instance.devops: Still creating... [7m0s elapsed]
module.ec2.aws_instance.devops: Still creating... [7m10s elapsed]
module.ec2.aws_instance.devops: Still creating... [7m20s elapsed]
module.ec2.aws_instance.devops: Still creating... [7m30s elapsed]
module.ec2.aws_instance.devops: Still creating... [7m40s elapsed]
module.ec2.aws_instance.devops: Still creating... [7m50s elapsed]
module.ec2.aws_instance.devops: Still creating... [8m0s elapsed]
module.ec2.aws_instance.devops: Still creating... [8m10s elapsed]
module.ec2.aws_instance.devops: Still creating... [8m20s elapsed]
module.ec2.aws_instance.devops: Still creating... [8m30s elapsed]
module.ec2.aws_instance.devops (remote-exec): chmod: cannot access '/etc/rancher/k3s/k3s.yaml': No such file or directory
module.ec2.aws_instance.devops: Provisioning with 'local-exec'...
module.ec2.aws_instance.devops (local-exec): Executing: ["/bin/sh" "-c" "echo Your Public IP address: 54.221.20.56 >> ip.txt"]
module.ec2.aws_instance.devops: Creation complete after 8m39s [id=i-0e965993cb14defad]
aws_volume_attachment.name: Creating...
aws_volume_attachment.name: Still creating... [10s elapsed]
aws_volume_attachment.name: Still creating... [20s elapsed]
aws_volume_attachment.name: Creation complete after 22s [id=vai-4159175348]

Apply complete! Resources: 7 added, 0 changed, 0 destroyed.







=========================
After creating all the resources, time to destroy them because it will cause bill.
=========================

(base) arifmoazy@Arifs-MBP exam % terraform destroy
module.keypair.tls_private_key.name: Refreshing state... [id=c59311c1ac83b38c174cb9bbd35d53ef2410fadb]
module.keypair.local_file.name: Refreshing state... [id=c440b0030a4989ec06878823a327bb434649af45]
module.ec2.data.aws_ami.ubuntu: Reading...
module.keypair.aws_key_pair.name: Refreshing state... [id=devops]
module.ebs.aws_ebs_volume.ebs_volume: Refreshing state... [id=vol-05f213e928073cb4d]
module.sg.aws_security_group.devops-sg: Refreshing state... [id=sg-0c68330c97040520f]
module.ec2.data.aws_ami.ubuntu: Read complete after 0s [id=ami-005fc0f236362e99f]
module.ec2.aws_instance.devops: Refreshing state... [id=i-0e965993cb14defad]
aws_volume_attachment.name: Refreshing state... [id=vai-4159175348]

Terraform used the selected providers to generate the following execution plan. Resource actions are indicated with the following symbols:
  - destroy

Terraform will perform the following actions:

  # aws_volume_attachment.name will be destroyed
  - resource "aws_volume_attachment" "name" {
      - device_name = "/dev/sdh" -> null
      - id          = "vai-4159175348" -> null
      - instance_id = "i-0e965993cb14defad" -> null
      - volume_id   = "vol-05f213e928073cb4d" -> null
    }

  # module.ebs.aws_ebs_volume.ebs_volume will be destroyed
  - resource "aws_ebs_volume" "ebs_volume" {
      - arn                  = "arn:aws:ec2:us-east-1:145023122385:volume/vol-05f213e928073cb4d" -> null
      - availability_zone    = "us-east-1a" -> null
      - encrypted            = false -> null
      - final_snapshot       = false -> null
      - id                   = "vol-05f213e928073cb4d" -> null
      - iops                 = 100 -> null
      - multi_attach_enabled = false -> null
      - size                 = 15 -> null
      - tags                 = {
          - "Name" = "devops-ebs"
        } -> null
      - tags_all             = {
          - "Name" = "devops-ebs"
        } -> null
      - throughput           = 0 -> null
      - type                 = "gp2" -> null
        # (3 unchanged attributes hidden)
    }

  # module.ec2.aws_instance.devops will be destroyed
  - resource "aws_instance" "devops" {
      - ami                                  = "ami-005fc0f236362e99f" -> null
      - arn                                  = "arn:aws:ec2:us-east-1:145023122385:instance/i-0e965993cb14defad" -> null
      - associate_public_ip_address          = true -> null
      - availability_zone                    = "us-east-1a" -> null
      - cpu_core_count                       = 2 -> null
      - cpu_threads_per_core                 = 1 -> null
      - disable_api_stop                     = false -> null
      - disable_api_termination              = false -> null
      - ebs_optimized                        = false -> null
      - get_password_data                    = false -> null
      - hibernation                          = false -> null
      - id                                   = "i-0e965993cb14defad" -> null
      - instance_initiated_shutdown_behavior = "stop" -> null
      - instance_state                       = "running" -> null
      - instance_type                        = "t2.medium" -> null
      - ipv6_address_count                   = 0 -> null
      - ipv6_addresses                       = [] -> null
      - key_name                             = "devops" -> null
      - monitoring                           = false -> null
      - placement_partition_number           = 0 -> null
      - primary_network_interface_id         = "eni-0c64db9bd991b0bf9" -> null
      - private_dns                          = "ip-172-31-24-250.ec2.internal" -> null
      - private_ip                           = "172.31.24.250" -> null
      - public_dns                           = "ec2-54-221-20-56.compute-1.amazonaws.com" -> null
      - public_ip                            = "54.221.20.56" -> null
      - secondary_private_ips                = [] -> null
      - security_groups                      = [
          - "devops-sg",
        ] -> null
      - source_dest_check                    = true -> null
      - subnet_id                            = "subnet-0e5fddc0bc8e84700" -> null
      - tags                                 = {
          - "Name" = "devops-ec2"
        } -> null
      - tags_all                             = {
          - "Name" = "devops-ec2"
        } -> null
      - tenancy                              = "default" -> null
      - user_data_replace_on_change          = false -> null
      - vpc_security_group_ids               = [
          - "sg-0c68330c97040520f",
        ] -> null
        # (7 unchanged attributes hidden)

      - capacity_reservation_specification {
          - capacity_reservation_preference = "open" -> null
        }

      - cpu_options {
          - core_count       = 2 -> null
          - threads_per_core = 1 -> null
            # (1 unchanged attribute hidden)
        }

      - credit_specification {
          - cpu_credits = "standard" -> null
        }

      - ebs_block_device {
          - delete_on_termination = false -> null
          - device_name           = "/dev/sdh" -> null
          - encrypted             = false -> null
          - iops                  = 100 -> null
          - tags                  = {
              - "Name" = "devops-ebs"
            } -> null
          - tags_all              = {
              - "Name" = "devops-ebs"
            } -> null
          - throughput            = 0 -> null
          - volume_id             = "vol-05f213e928073cb4d" -> null
          - volume_size           = 15 -> null
          - volume_type           = "gp2" -> null
            # (2 unchanged attributes hidden)
        }

      - enclave_options {
          - enabled = false -> null
        }

      - maintenance_options {
          - auto_recovery = "default" -> null
        }

      - metadata_options {
          - http_endpoint               = "enabled" -> null
          - http_protocol_ipv6          = "disabled" -> null
          - http_put_response_hop_limit = 1 -> null
          - http_tokens                 = "optional" -> null
          - instance_metadata_tags      = "disabled" -> null
        }

      - private_dns_name_options {
          - enable_resource_name_dns_a_record    = false -> null
          - enable_resource_name_dns_aaaa_record = false -> null
          - hostname_type                        = "ip-name" -> null
        }

      - root_block_device {
          - delete_on_termination = true -> null
          - device_name           = "/dev/sda1" -> null
          - encrypted             = true -> null
          - iops                  = 100 -> null
          - kms_key_id            = "arn:aws:kms:us-east-1:145023122385:key/800ad206-07d3-4d08-93d7-230124d3a02b" -> null
          - tags                  = {} -> null
          - tags_all              = {} -> null
          - throughput            = 0 -> null
          - volume_id             = "vol-038283063e1363be8" -> null
          - volume_size           = 15 -> null
          - volume_type           = "gp2" -> null
        }
    }

  # module.keypair.aws_key_pair.name will be destroyed
  - resource "aws_key_pair" "name" {
      - arn             = "arn:aws:ec2:us-east-1:145023122385:key-pair/devops" -> null
      - fingerprint     = "a0:e9:e7:1c:35:ac:f2:3e:73:b0:c3:12:ed:a6:6e:40" -> null
      - id              = "devops" -> null
      - key_name        = "devops" -> null
      - key_pair_id     = "key-0aef623e3923fa28d" -> null
      - key_type        = "rsa" -> null
      - public_key      = "ssh-rsa AAAAB3NzaC1yc2EAAAADAQABAAACAQD0AkPJGm310tG9A1KMs2osw3tI92eByObUpBaS5dQcFKRYk2uKA8S1n2jAaSDd0cbhu9Cdgft28aY5823IPIdxz4pwADQAp/qo53DT0ScGq/MK43FFDDsES+8YuizTNxy7C0QT1oxHRXK4Nwn0WC8G/5/+ND/3mB3KgN3o+PeWxQEtIYOOPK4vlkWaM5SranlP4xnmfvAjLBJFg3iimWST/+S/xk9LyzbfhYUY8iYX0odL+eSc1lH09ELyjPTt/f/bDv5bEEdzlL7uT8Di3d98mAwnMzVQGKCvYcDWjcL+zCH/07+8AEmrW0NUmvhbJfDJAGJ7MYX/cDxY1A/m/vg5IPich11N1YAtzY8Hi4RWwvV/wLPhD24ygUC4AsNs8CGVgx9Za2BCUBQygeHoM322aRB4Syy9fWg4neDA5GK7BoWqf7gvL/q6psmGRDSJGIAaf9LowU/q02vYYyA1AbiEWuowIBQbMLsivPMt3NQL4h/4/6imFvoFvl5mnsTpTkiqqtUornD3IqP3eAn5hRGcfyybFZg3B/BjQ5RQjlceT0XYes3YPXo2DloOnHFCX2wALgg4B4hmWvMbCcKbYJm5/5mC2QxjJdrHAT7UbuVPuT0PBg5H7lxJ6dlLg3dAF6mbl4XvqHcHzedc6xaj0y8SUb/9FGQNfY37R6Gk4We5Pw==" -> null
      - tags            = {} -> null
      - tags_all        = {} -> null
        # (1 unchanged attribute hidden)
    }

  # module.keypair.local_file.name will be destroyed
  - resource "local_file" "name" {
      - content              = (sensitive value) -> null
      - content_base64sha256 = "e6GMgb8fTgLjD76AqMbXOXTRL/yl1K3efHGQuiPwCt4=" -> null
      - content_base64sha512 = "2i6ekFJtMozwwKJCgKJVBRNTIJcy35/2hzc/WdXpKuACfSwEZrr+eE6S6bsqr0A1g5X5MztNCLmMcDuqMRZr2Q==" -> null
      - content_md5          = "24e6b56b2e309cbafee989f77f9135f6" -> null
      - content_sha1         = "c440b0030a4989ec06878823a327bb434649af45" -> null
      - content_sha256       = "7ba18c81bf1f4e02e30fbe80a8c6d73974d12ffca5d4adde7c7190ba23f00ade" -> null
      - content_sha512       = "da2e9e90526d328cf0c0a24280a255051353209732df9ff687373f59d5e92ae0027d2c0466bafe784e92e9bb2aaf40358395f9333b4d08b98c703baa31166bd9" -> null
      - directory_permission = "0777" -> null
      - file_permission      = "0400" -> null
      - filename             = "./script/devops.pem" -> null
      - id                   = "c440b0030a4989ec06878823a327bb434649af45" -> null
    }

  # module.keypair.tls_private_key.name will be destroyed
  - resource "tls_private_key" "name" {
      - algorithm                     = "RSA" -> null
      - ecdsa_curve                   = "P224" -> null
      - id                            = "c59311c1ac83b38c174cb9bbd35d53ef2410fadb" -> null
      - private_key_openssh           = (sensitive value) -> null
      - private_key_pem               = (sensitive value) -> null
      - private_key_pem_pkcs8         = (sensitive value) -> null
      - public_key_fingerprint_md5    = "ee:87:ac:53:f7:a6:a2:5d:d5:6b:27:e2:58:ad:04:b4" -> null
      - public_key_fingerprint_sha256 = "SHA256:mt8S0GLfD7EmL7mZeA4BIotbqCfHtvUpbE5LGWEDMdQ" -> null
      - public_key_openssh            = <<-EOT
            ssh-rsa AAAAB3NzaC1yc2EAAAADAQABAAACAQD0AkPJGm310tG9A1KMs2osw3tI92eByObUpBaS5dQcFKRYk2uKA8S1n2jAaSDd0cbhu9Cdgft28aY5823IPIdxz4pwADQAp/qo53DT0ScGq/MK43FFDDsES+8YuizTNxy7C0QT1oxHRXK4Nwn0WC8G/5/+ND/3mB3KgN3o+PeWxQEtIYOOPK4vlkWaM5SranlP4xnmfvAjLBJFg3iimWST/+S/xk9LyzbfhYUY8iYX0odL+eSc1lH09ELyjPTt/f/bDv5bEEdzlL7uT8Di3d98mAwnMzVQGKCvYcDWjcL+zCH/07+8AEmrW0NUmvhbJfDJAGJ7MYX/cDxY1A/m/vg5IPich11N1YAtzY8Hi4RWwvV/wLPhD24ygUC4AsNs8CGVgx9Za2BCUBQygeHoM322aRB4Syy9fWg4neDA5GK7BoWqf7gvL/q6psmGRDSJGIAaf9LowU/q02vYYyA1AbiEWuowIBQbMLsivPMt3NQL4h/4/6imFvoFvl5mnsTpTkiqqtUornD3IqP3eAn5hRGcfyybFZg3B/BjQ5RQjlceT0XYes3YPXo2DloOnHFCX2wALgg4B4hmWvMbCcKbYJm5/5mC2QxjJdrHAT7UbuVPuT0PBg5H7lxJ6dlLg3dAF6mbl4XvqHcHzedc6xaj0y8SUb/9FGQNfY37R6Gk4We5Pw==
        EOT -> null
      - public_key_pem                = <<-EOT
            -----BEGIN PUBLIC KEY-----
            MIICIjANBgkqhkiG9w0BAQEFAAOCAg8AMIICCgKCAgEA9AJDyRpt9dLRvQNSjLNq
            LMN7SPdngcjm1KQWkuXUHBSkWJNrigPEtZ9owGkg3dHG4bvQnYH7dvGmOfNtyDyH
            cc+KcAA0AKf6qOdw09EnBqvzCuNxRQw7BEvvGLos0zccuwtEE9aMR0VyuDcJ9Fgv
            Bv+f/jQ/95gdyoDd6Pj3lsUBLSGDjjyuL5ZFmjOUq2p5T+MZ5n7wIywSRYN4oplk
            k//kv8ZPS8s234WFGPImF9KHS/nknNZR9PRC8oz07f3/2w7+WxBHc5S+7k/A4t3f
            fJgMJzM1UBigr2HA1o3C/swh/9O/vABJq1tDVJr4WyXwyQBiezGF/3A8WNQP5v74
            OSD4nIddTdWALc2PB4uEVsL1f8Cz4Q9uMoFAuALDbPAhlYMfWWtgQlAUMoHh6DN9
            tmkQeEssvX1oOJ3gwORiuwaFqn+4Ly/6uqbJhkQ0iRiAGn/S6MFP6tNr2GMgNQG4
            hFrqMCAUGzC7IrzzLdzUC+If+P+ophb6Bb5eZp7E6U5IqqrVKK5w9yKj93gJ+YUR
            nH8smxWYNwfwY0OUUI5XHk9F2HrN2D16Ng5aDpxxQl9sAC4IOAeIZlrzGwnCm2CZ
            uf+ZgtkMYyXaxwE+1G7lT7k9DwYOR+5cSenZS4N3QBepm5eF76h3B83nXOsWo9Mv
            ElG//RRkDX2N+0ehpOFnuT8CAwEAAQ==
            -----END PUBLIC KEY-----
        EOT -> null
      - rsa_bits                      = 4096 -> null
    }

  # module.sg.aws_security_group.devops-sg will be destroyed
  - resource "aws_security_group" "devops-sg" {
      - arn                    = "arn:aws:ec2:us-east-1:145023122385:security-group/sg-0c68330c97040520f" -> null
      - description            = "Managed by Terraform" -> null
      - egress                 = [] -> null
      - id                     = "sg-0c68330c97040520f" -> null
      - ingress                = [
          - {
              - cidr_blocks      = [
                  - "0.0.0.0/0",
                ]
              - from_port        = 22
              - ipv6_cidr_blocks = []
              - prefix_list_ids  = []
              - protocol         = "tcp"
              - security_groups  = []
              - self             = false
              - to_port          = 22
                # (1 unchanged attribute hidden)
            },
          - {
              - cidr_blocks      = [
                  - "0.0.0.0/0",
                ]
              - from_port        = 30010
              - ipv6_cidr_blocks = []
              - prefix_list_ids  = []
              - protocol         = "tcp"
              - security_groups  = []
              - self             = false
              - to_port          = 30010
                # (1 unchanged attribute hidden)
            },
          - {
              - cidr_blocks      = [
                  - "0.0.0.0/0",
                ]
              - from_port        = 30011
              - ipv6_cidr_blocks = []
              - prefix_list_ids  = []
              - protocol         = "tcp"
              - security_groups  = []
              - self             = false
              - to_port          = 30011
                # (1 unchanged attribute hidden)
            },
          - {
              - cidr_blocks      = [
                  - "0.0.0.0/0",
                ]
              - from_port        = 30012
              - ipv6_cidr_blocks = []
              - prefix_list_ids  = []
              - protocol         = "tcp"
              - security_groups  = []
              - self             = false
              - to_port          = 30012
                # (1 unchanged attribute hidden)
            },
          - {
              - cidr_blocks      = [
                  - "0.0.0.0/0",
                ]
              - from_port        = 6443
              - ipv6_cidr_blocks = []
              - prefix_list_ids  = []
              - protocol         = "tcp"
              - security_groups  = []
              - self             = false
              - to_port          = 6443
                # (1 unchanged attribute hidden)
            },
        ] -> null
      - name                   = "devops-sg" -> null
      - owner_id               = "145023122385" -> null
      - revoke_rules_on_delete = false -> null
      - tags                   = {} -> null
      - tags_all               = {} -> null
      - vpc_id                 = "vpc-094065d60b0ceb320" -> null
        # (1 unchanged attribute hidden)
    }

Plan: 0 to add, 0 to change, 7 to destroy.

Do you really want to destroy all resources?
  Terraform will destroy all your managed infrastructure, as shown above.
  There is no undo. Only 'yes' will be accepted to confirm.

  Enter a value: yes

module.keypair.local_file.name: Destroying... [id=c440b0030a4989ec06878823a327bb434649af45]
module.keypair.local_file.name: Destruction complete after 0s
aws_volume_attachment.name: Destroying... [id=vai-4159175348]
module.keypair.aws_key_pair.name: Destroying... [id=devops]
module.keypair.aws_key_pair.name: Destruction complete after 1s
module.keypair.tls_private_key.name: Destroying... [id=c59311c1ac83b38c174cb9bbd35d53ef2410fadb]
module.keypair.tls_private_key.name: Destruction complete after 0s
aws_volume_attachment.name: Still destroying... [id=vai-4159175348, 10s elapsed]
aws_volume_attachment.name: Destruction complete after 11s
module.ec2.aws_instance.devops: Destroying... [id=i-0e965993cb14defad]
module.ec2.aws_instance.devops: Still destroying... [id=i-0e965993cb14defad, 10s elapsed]
module.ec2.aws_instance.devops: Still destroying... [id=i-0e965993cb14defad, 20s elapsed]
module.ec2.aws_instance.devops: Still destroying... [id=i-0e965993cb14defad, 31s elapsed]
module.ec2.aws_instance.devops: Destruction complete after 31s
module.ebs.aws_ebs_volume.ebs_volume: Destroying... [id=vol-05f213e928073cb4d]
module.sg.aws_security_group.devops-sg: Destroying... [id=sg-0c68330c97040520f]
module.sg.aws_security_group.devops-sg: Destruction complete after 1s
module.ebs.aws_ebs_volume.ebs_volume: Still destroying... [id=vol-05f213e928073cb4d, 10s elapsed]
module.ebs.aws_ebs_volume.ebs_volume: Destruction complete after 11s

Destroy complete! Resources: 7 destroyed.
(base) arifmoazy@Arifs-MBP exam % 